
Microsoft Visual Studio Solution File, Format Version 12.00
# Visual Studio 15
VisualStudioVersion = 15.0.28307.645
MinimumVisualStudioVersion = 10.0.40219.1
Project("{8BC9CEB8-8B4A-11D0-8D11-00A0C91BC942}") = "snake", "snake\snake.vcxproj", "{77A8FFC4-081B-4B4E-9A4E-4B1F0E306D71}"
EndProject
Global
	GlobalSection(SolutionConfigurationPlatforms) = preSolution
		Debug|x64 = Debug|x64
		Debug|x86 = Debug|x86
		Release|x64 = Release|x64
		Release|x86 = Release|x86
	EndGlobalSection
	GlobalSection(ProjectConfigurationPlatforms) = postSolution
		{77A8FFC4-081B-4B4E-9A4E-4B1F0E306D71}.Debug|x64.ActiveCfg = Debug|x64
		{77A8FFC4-081B-4B4E-9A4E-4B1F0E306D71}.Debug|x64.Build.0 = Debug|x64
		{77A8FFC4-081B-4B4E-9A4E-4B1F0E306D71}.Debug|x86.ActiveCfg = Debug|Win32
		{77A8FFC4-081B-4B4E-9A4E-4B1F0E306D71}.Debug|x86.Build.0 = Debug|Win32
		{77A8FFC4-081B-4B4E-9A4E-4B1F0E306D71}.Release|x64.ActiveCfg = Release|x64
		{77A8FFC4-081B-4B4E-9A4E-4B1F0E306D71}.Release|x64.Build.0 = Release|x64
		{77A8FFC4-081B-4B4E-9A4E-4B1F0E306D71}.Release|x86.ActiveCfg = Release|Win32
		{77A8FFC4-081B-4B4E-9A4E-4B1F0E306D71}.Release|x86.Build.0 = Release|Win32
	EndGlobalSection
	GlobalSection(SolutionProperties) = preSolution
		HideSolutionNode = FALSE
	EndGlobalSection
	GlobalSection(ExtensibilityGlobals) = postSolution
		SolutionGuid = {5F950E43-F9AD-4DAD-929E-263BA9A708EC}
	EndGlobalSection
EndGlobal
